
Microsoft Visual Studio Solution File, Format Version 12.00
# Visual Studio 15
VisualStudioVersion = 15.0.27130.2024
MinimumVisualStudioVersion = 10.0.40219.1
Project("{FAE04EC0-301F-11D3-BF4B-00C04F79EFBC}") = "BitCoinRhNetwork", "BitCoinRhNetwork\BitCoinRhNetwork.csproj", "{B6B36F8C-D729-4573-8F91-490E35710EEB}"
EndProject
Project("{2150E333-8FDC-42A3-9474-1A3956D46DE8}") = "Server", "Server", "{E98DA2C6-BE9F-4564-9D87-3E8A1B9D024E}"
EndProject
Project("{FAE04EC0-301F-11D3-BF4B-00C04F79EFBC}") = "BitCoinRhNetwork.EF", "BitCoinRhNetwork.EF\BitCoinRhNetwork.EF.csproj", "{73A0498F-2161-48C9-A538-799204C5E500}"
EndProject
Project("{FAE04EC0-301F-11D3-BF4B-00C04F79EFBC}") = "BitCoinRhNetwork.EF.Interfaces", "BitCoinRhNetwork.EF.Interfaces\BitCoinRhNetwork.EF.Interfaces.csproj", "{8743F27D-F448-4FA4-A8E4-99AB91F10DC0}"
EndProject
Project("{FAE04EC0-301F-11D3-BF4B-00C04F79EFBC}") = "BitCoinRhNetwork.Entities", "BitCoinRhNetwork.Entities\BitCoinRhNetwork.Entities.csproj", "{A464472A-B613-4837-80E7-59BE46047048}"
EndProject
Project("{FAE04EC0-301F-11D3-BF4B-00C04F79EFBC}") = "BitCoinRhNetwork.Library", "BitCoinRhNetwork.Library\BitCoinRhNetwork.Library.csproj", "{4ED8D856-6784-4768-82E1-017AEEC2E1E8}"
EndProject
Project("{FAE04EC0-301F-11D3-BF4B-00C04F79EFBC}") = "BitCoinRhNetwork.Resources", "BitCoinRhNetwork.Resources\BitCoinRhNetwork.Resources.csproj", "{2D3AD20B-5D35-409A-AEDC-B9C3FD4F14FD}"
EndProject
Project("{FAE04EC0-301F-11D3-BF4B-00C04F79EFBC}") = "BitCoinRhNetwork.Server", "BitCoinRhNetwork.Server\BitCoinRhNetwork.Server.csproj", "{1567E3FB-541F-4303-B87C-CFD6DAF22086}"
EndProject
Project("{FAE04EC0-301F-11D3-BF4B-00C04F79EFBC}") = "BitCoinRhNetwork.Server.Business", "BitCoinRhNetwork.Server.Business\BitCoinRhNetwork.Server.Business.csproj", "{0D1CE64E-1D5A-499B-A026-E5344849DF8D}"
EndProject
Project("{2150E333-8FDC-42A3-9474-1A3956D46DE8}") = "External", "External", "{109D7D76-90C9-4A4E-A1BC-EFE23793EEDC}"
EndProject
Project("{9A19103F-16F7-4668-BE54-9A1E7A4F7556}") = "NBitcoin", "NBitcoin\NBitcoin.csproj", "{8FBD9FD9-DA7D-4DFC-8B59-0958A6E14351}"
EndProject
Global
	GlobalSection(SolutionConfigurationPlatforms) = preSolution
		Debug|Any CPU = Debug|Any CPU
		Release|Any CPU = Release|Any CPU
	EndGlobalSection
	GlobalSection(ProjectConfigurationPlatforms) = postSolution
		{B6B36F8C-D729-4573-8F91-490E35710EEB}.Debug|Any CPU.ActiveCfg = Debug|Any CPU
		{B6B36F8C-D729-4573-8F91-490E35710EEB}.Debug|Any CPU.Build.0 = Debug|Any CPU
		{B6B36F8C-D729-4573-8F91-490E35710EEB}.Release|Any CPU.ActiveCfg = Release|Any CPU
		{B6B36F8C-D729-4573-8F91-490E35710EEB}.Release|Any CPU.Build.0 = Release|Any CPU
		{73A0498F-2161-48C9-A538-799204C5E500}.Debug|Any CPU.ActiveCfg = Debug|Any CPU
		{73A0498F-2161-48C9-A538-799204C5E500}.Debug|Any CPU.Build.0 = Debug|Any CPU
		{73A0498F-2161-48C9-A538-799204C5E500}.Release|Any CPU.ActiveCfg = Release|Any CPU
		{73A0498F-2161-48C9-A538-799204C5E500}.Release|Any CPU.Build.0 = Release|Any CPU
		{8743F27D-F448-4FA4-A8E4-99AB91F10DC0}.Debug|Any CPU.ActiveCfg = Debug|Any CPU
		{8743F27D-F448-4FA4-A8E4-99AB91F10DC0}.Debug|Any CPU.Build.0 = Debug|Any CPU
		{8743F27D-F448-4FA4-A8E4-99AB91F10DC0}.Release|Any CPU.ActiveCfg = Release|Any CPU
		{8743F27D-F448-4FA4-A8E4-99AB91F10DC0}.Release|Any CPU.Build.0 = Release|Any CPU
		{A464472A-B613-4837-80E7-59BE46047048}.Debug|Any CPU.ActiveCfg = Debug|Any CPU
		{A464472A-B613-4837-80E7-59BE46047048}.Debug|Any CPU.Build.0 = Debug|Any CPU
		{A464472A-B613-4837-80E7-59BE46047048}.Release|Any CPU.ActiveCfg = Release|Any CPU
		{A464472A-B613-4837-80E7-59BE46047048}.Release|Any CPU.Build.0 = Release|Any CPU
		{4ED8D856-6784-4768-82E1-017AEEC2E1E8}.Debug|Any CPU.ActiveCfg = Debug|Any CPU
		{4ED8D856-6784-4768-82E1-017AEEC2E1E8}.Debug|Any CPU.Build.0 = Debug|Any CPU
		{4ED8D856-6784-4768-82E1-017AEEC2E1E8}.Release|Any CPU.ActiveCfg = Release|Any CPU
		{4ED8D856-6784-4768-82E1-017AEEC2E1E8}.Release|Any CPU.Build.0 = Release|Any CPU
		{2D3AD20B-5D35-409A-AEDC-B9C3FD4F14FD}.Debug|Any CPU.ActiveCfg = Debug|Any CPU
		{2D3AD20B-5D35-409A-AEDC-B9C3FD4F14FD}.Debug|Any CPU.Build.0 = Debug|Any CPU
		{2D3AD20B-5D35-409A-AEDC-B9C3FD4F14FD}.Release|Any CPU.ActiveCfg = Release|Any CPU
		{2D3AD20B-5D35-409A-AEDC-B9C3FD4F14FD}.Release|Any CPU.Build.0 = Release|Any CPU
		{1567E3FB-541F-4303-B87C-CFD6DAF22086}.Debug|Any CPU.ActiveCfg = Debug|Any CPU
		{1567E3FB-541F-4303-B87C-CFD6DAF22086}.Debug|Any CPU.Build.0 = Debug|Any CPU
		{1567E3FB-541F-4303-B87C-CFD6DAF22086}.Release|Any CPU.ActiveCfg = Release|Any CPU
		{1567E3FB-541F-4303-B87C-CFD6DAF22086}.Release|Any CPU.Build.0 = Release|Any CPU
		{0D1CE64E-1D5A-499B-A026-E5344849DF8D}.Debug|Any CPU.ActiveCfg = Debug|Any CPU
		{0D1CE64E-1D5A-499B-A026-E5344849DF8D}.Debug|Any CPU.Build.0 = Debug|Any CPU
		{0D1CE64E-1D5A-499B-A026-E5344849DF8D}.Release|Any CPU.ActiveCfg = Release|Any CPU
		{0D1CE64E-1D5A-499B-A026-E5344849DF8D}.Release|Any CPU.Build.0 = Release|Any CPU
		{8FBD9FD9-DA7D-4DFC-8B59-0958A6E14351}.Debug|Any CPU.ActiveCfg = Debug|Any CPU
		{8FBD9FD9-DA7D-4DFC-8B59-0958A6E14351}.Debug|Any CPU.Build.0 = Debug|Any CPU
		{8FBD9FD9-DA7D-4DFC-8B59-0958A6E14351}.Release|Any CPU.ActiveCfg = Release|Any CPU
		{8FBD9FD9-DA7D-4DFC-8B59-0958A6E14351}.Release|Any CPU.Build.0 = Release|Any CPU
	EndGlobalSection
	GlobalSection(SolutionProperties) = preSolution
		HideSolutionNode = FALSE
	EndGlobalSection
	GlobalSection(NestedProjects) = preSolution
		{73A0498F-2161-48C9-A538-799204C5E500} = {E98DA2C6-BE9F-4564-9D87-3E8A1B9D024E}
		{8743F27D-F448-4FA4-A8E4-99AB91F10DC0} = {E98DA2C6-BE9F-4564-9D87-3E8A1B9D024E}
		{A464472A-B613-4837-80E7-59BE46047048} = {E98DA2C6-BE9F-4564-9D87-3E8A1B9D024E}
		{4ED8D856-6784-4768-82E1-017AEEC2E1E8} = {E98DA2C6-BE9F-4564-9D87-3E8A1B9D024E}
		{2D3AD20B-5D35-409A-AEDC-B9C3FD4F14FD} = {E98DA2C6-BE9F-4564-9D87-3E8A1B9D024E}
		{1567E3FB-541F-4303-B87C-CFD6DAF22086} = {E98DA2C6-BE9F-4564-9D87-3E8A1B9D024E}
		{0D1CE64E-1D5A-499B-A026-E5344849DF8D} = {E98DA2C6-BE9F-4564-9D87-3E8A1B9D024E}
		{8FBD9FD9-DA7D-4DFC-8B59-0958A6E14351} = {109D7D76-90C9-4A4E-A1BC-EFE23793EEDC}
	EndGlobalSection
	GlobalSection(ExtensibilityGlobals) = postSolution
		SolutionGuid = {23CD33A5-C88C-4D57-9DDD-9D398B5FBB95}
	EndGlobalSection
EndGlobal
